// !$*UTF8*$!
{
	archiveVersion = 1;
	classes = {
	};
	objectVersion = 55;
	objects = {

/* Begin PBXBuildFile section */
		9B1A0CF42789190C0085B9CF /* ThreeDayViewController.swift in Sources */ = {isa = PBXBuildFile; fileRef = 9B1A0CF32789190C0085B9CF /* ThreeDayViewController.swift */; };
		9B1A0CF727891D360085B9CF /* Goal.swift in Sources */ = {isa = PBXBuildFile; fileRef = 9B1A0CF627891D360085B9CF /* Goal.swift */; };
		9B65DAE32787270000F01979 /* MoreViewController.swift in Sources */ = {isa = PBXBuildFile; fileRef = 9B65DAE22787270000F01979 /* MoreViewController.swift */; };
		9B65DAE5278728DA00F01979 /* BMHANNAProOTF.otf.ttf in Resources */ = {isa = PBXBuildFile; fileRef = 9B65DAE4278728DA00F01979 /* BMHANNAProOTF.otf.ttf */; };
		9B6CF8F3279824CD007384B2 /* BaseViewController.swift in Sources */ = {isa = PBXBuildFile; fileRef = 9B6CF8F2279824CD007384B2 /* BaseViewController.swift */; };
		9B6CF8FC27A53A76007384B2 /* AlertViewController.swift in Sources */ = {isa = PBXBuildFile; fileRef = 9B6CF8FA27A53A76007384B2 /* AlertViewController.swift */; };
		9B6CF8FD27A53A76007384B2 /* AlertViewController.xib in Resources */ = {isa = PBXBuildFile; fileRef = 9B6CF8FB27A53A76007384B2 /* AlertViewController.xib */; };
		9B6CF8FF27A6E573007384B2 /* AlertType.swift in Sources */ = {isa = PBXBuildFile; fileRef = 9B6CF8FE27A6E573007384B2 /* AlertType.swift */; };
		9B6CF90127A778F5007384B2 /* InfoViewController.swift in Sources */ = {isa = PBXBuildFile; fileRef = 9B6CF90027A778F5007384B2 /* InfoViewController.swift */; };
		9BA9F7D52789889C00F9F86B /* UIButton.swift in Sources */ = {isa = PBXBuildFile; fileRef = 9BA9F7D42789889C00F9F86B /* UIButton.swift */; };
		9BB8C96D278F1B4A000B61F4 /* GowunBatang-Bold.ttf in Resources */ = {isa = PBXBuildFile; fileRef = 9BB8C96C278F1B4A000B61F4 /* GowunBatang-Bold.ttf */; };
		9BF6C1FD2781DC4800E486CE /* AppDelegate.swift in Sources */ = {isa = PBXBuildFile; fileRef = 9BF6C1FC2781DC4800E486CE /* AppDelegate.swift */; };
		9BF6C1FF2781DC4800E486CE /* SceneDelegate.swift in Sources */ = {isa = PBXBuildFile; fileRef = 9BF6C1FE2781DC4800E486CE /* SceneDelegate.swift */; };
		9BF6C2012781DC4800E486CE /* GoalViewController.swift in Sources */ = {isa = PBXBuildFile; fileRef = 9BF6C2002781DC4800E486CE /* GoalViewController.swift */; };
		9BF6C2042781DC4800E486CE /* Main.storyboard in Resources */ = {isa = PBXBuildFile; fileRef = 9BF6C2022781DC4800E486CE /* Main.storyboard */; };
		9BF6C2062781DC4900E486CE /* Assets.xcassets in Resources */ = {isa = PBXBuildFile; fileRef = 9BF6C2052781DC4900E486CE /* Assets.xcassets */; };
		9BF6C2092781DC4900E486CE /* LaunchScreen.storyboard in Resources */ = {isa = PBXBuildFile; fileRef = 9BF6C2072781DC4900E486CE /* LaunchScreen.storyboard */; };
		9BF6C21427871D6E00E486CE /* BMYEONSUNG_otf.otf in Resources */ = {isa = PBXBuildFile; fileRef = 9BF6C21327871D6E00E486CE /* BMYEONSUNG_otf.otf */; };
/* End PBXBuildFile section */

/* Begin PBXFileReference section */
		9B1A0CF32789190C0085B9CF /* ThreeDayViewController.swift */ = {isa = PBXFileReference; lastKnownFileType = sourcecode.swift; path = ThreeDayViewController.swift; sourceTree = "<group>"; };
		9B1A0CF627891D360085B9CF /* Goal.swift */ = {isa = PBXFileReference; lastKnownFileType = sourcecode.swift; path = Goal.swift; sourceTree = "<group>"; };
		9B65DAE22787270000F01979 /* MoreViewController.swift */ = {isa = PBXFileReference; lastKnownFileType = sourcecode.swift; path = MoreViewController.swift; sourceTree = "<group>"; };
		9B65DAE4278728DA00F01979 /* BMHANNAProOTF.otf.ttf */ = {isa = PBXFileReference; lastKnownFileType = file; path = BMHANNAProOTF.otf.ttf; sourceTree = "<group>"; };
		9B6CF8F2279824CD007384B2 /* BaseViewController.swift */ = {isa = PBXFileReference; lastKnownFileType = sourcecode.swift; path = BaseViewController.swift; sourceTree = "<group>"; };
		9B6CF8FA27A53A76007384B2 /* AlertViewController.swift */ = {isa = PBXFileReference; lastKnownFileType = sourcecode.swift; path = AlertViewController.swift; sourceTree = "<group>"; };
		9B6CF8FB27A53A76007384B2 /* AlertViewController.xib */ = {isa = PBXFileReference; lastKnownFileType = file.xib; path = AlertViewController.xib; sourceTree = "<group>"; };
		9B6CF8FE27A6E573007384B2 /* AlertType.swift */ = {isa = PBXFileReference; lastKnownFileType = sourcecode.swift; path = AlertType.swift; sourceTree = "<group>"; };
		9B6CF90027A778F5007384B2 /* InfoViewController.swift */ = {isa = PBXFileReference; lastKnownFileType = sourcecode.swift; path = InfoViewController.swift; sourceTree = "<group>"; };
		9BA9F7D42789889C00F9F86B /* UIButton.swift */ = {isa = PBXFileReference; lastKnownFileType = sourcecode.swift; path = UIButton.swift; sourceTree = "<group>"; };
		9BB8C96C278F1B4A000B61F4 /* GowunBatang-Bold.ttf */ = {isa = PBXFileReference; lastKnownFileType = file; path = "GowunBatang-Bold.ttf"; sourceTree = "<group>"; };
		9BF6C1F92781DC4800E486CE /* ThreeDayHump.app */ = {isa = PBXFileReference; explicitFileType = wrapper.application; includeInIndex = 0; path = ThreeDayHump.app; sourceTree = BUILT_PRODUCTS_DIR; };
		9BF6C1FC2781DC4800E486CE /* AppDelegate.swift */ = {isa = PBXFileReference; lastKnownFileType = sourcecode.swift; path = AppDelegate.swift; sourceTree = "<group>"; };
		9BF6C1FE2781DC4800E486CE /* SceneDelegate.swift */ = {isa = PBXFileReference; lastKnownFileType = sourcecode.swift; path = SceneDelegate.swift; sourceTree = "<group>"; };
		9BF6C2002781DC4800E486CE /* GoalViewController.swift */ = {isa = PBXFileReference; lastKnownFileType = sourcecode.swift; path = GoalViewController.swift; sourceTree = "<group>"; };
		9BF6C2032781DC4800E486CE /* Base */ = {isa = PBXFileReference; lastKnownFileType = file.storyboard; name = Base; path = Base.lproj/Main.storyboard; sourceTree = "<group>"; };
		9BF6C2052781DC4900E486CE /* Assets.xcassets */ = {isa = PBXFileReference; lastKnownFileType = folder.assetcatalog; path = Assets.xcassets; sourceTree = "<group>"; };
		9BF6C2082781DC4900E486CE /* Base */ = {isa = PBXFileReference; lastKnownFileType = file.storyboard; name = Base; path = Base.lproj/LaunchScreen.storyboard; sourceTree = "<group>"; };
		9BF6C20A2781DC4900E486CE /* Info.plist */ = {isa = PBXFileReference; lastKnownFileType = text.plist.xml; path = Info.plist; sourceTree = "<group>"; };
		9BF6C21327871D6E00E486CE /* BMYEONSUNG_otf.otf */ = {isa = PBXFileReference; lastKnownFileType = file; path = BMYEONSUNG_otf.otf; sourceTree = "<group>"; };
/* End PBXFileReference section */

/* Begin PBXFrameworksBuildPhase section */
		9BF6C1F62781DC4800E486CE /* Frameworks */ = {
			isa = PBXFrameworksBuildPhase;
			buildActionMask = 2147483647;
			files = (
			);
			runOnlyForDeploymentPostprocessing = 0;
		};
/* End PBXFrameworksBuildPhase section */

/* Begin PBXGroup section */
		9BF6C1F02781DC4800E486CE = {
			isa = PBXGroup;
			children = (
				9BF6C1FB2781DC4800E486CE /* ThreeDayHump */,
				9BF6C1FA2781DC4800E486CE /* Products */,
			);
			sourceTree = "<group>";
		};
		9BF6C1FA2781DC4800E486CE /* Products */ = {
			isa = PBXGroup;
			children = (
				9BF6C1F92781DC4800E486CE /* ThreeDayHump.app */,
			);
			name = Products;
			sourceTree = "<group>";
		};
		9BF6C1FB2781DC4800E486CE /* ThreeDayHump */ = {
			isa = PBXGroup;
			children = (
				9BF6C21227871C4F00E486CE /* Fonts */,
				9BF6C211278710DB00E486CE /* ViewControllers */,
				9BF6C210278710D300E486CE /* Models */,
				9BF6C1FC2781DC4800E486CE /* AppDelegate.swift */,
				9BF6C1FE2781DC4800E486CE /* SceneDelegate.swift */,
				9BF6C2022781DC4800E486CE /* Main.storyboard */,
				9BF6C2052781DC4900E486CE /* Assets.xcassets */,
				9BF6C2072781DC4900E486CE /* LaunchScreen.storyboard */,
				9BF6C20A2781DC4900E486CE /* Info.plist */,
			);
			path = ThreeDayHump;
			sourceTree = "<group>";
		};
		9BF6C210278710D300E486CE /* Models */ = {
			isa = PBXGroup;
			children = (
				9B1A0CF627891D360085B9CF /* Goal.swift */,
				9BA9F7D42789889C00F9F86B /* UIButton.swift */,
				9B6CF8FE27A6E573007384B2 /* AlertType.swift */,
			);
			path = Models;
			sourceTree = "<group>";
		};
		9BF6C211278710DB00E486CE /* ViewControllers */ = {
			isa = PBXGroup;
			children = (
				9BF6C2002781DC4800E486CE /* GoalViewController.swift */,
				9B65DAE22787270000F01979 /* MoreViewController.swift */,
				9B1A0CF32789190C0085B9CF /* ThreeDayViewController.swift */,
				9B6CF8F2279824CD007384B2 /* BaseViewController.swift */,
				9B6CF8FA27A53A76007384B2 /* AlertViewController.swift */,
				9B6CF8FB27A53A76007384B2 /* AlertViewController.xib */,
				9B6CF90027A778F5007384B2 /* InfoViewController.swift */,
			);
			path = ViewControllers;
			sourceTree = "<group>";
		};
		9BF6C21227871C4F00E486CE /* Fonts */ = {
			isa = PBXGroup;
			children = (
				9BB8C96C278F1B4A000B61F4 /* GowunBatang-Bold.ttf */,
				9B65DAE4278728DA00F01979 /* BMHANNAProOTF.otf.ttf */,
				9BF6C21327871D6E00E486CE /* BMYEONSUNG_otf.otf */,
			);
			path = Fonts;
			sourceTree = "<group>";
		};
/* End PBXGroup section */

/* Begin PBXNativeTarget section */
		9BF6C1F82781DC4800E486CE /* ThreeDayHump */ = {
			isa = PBXNativeTarget;
			buildConfigurationList = 9BF6C20D2781DC4900E486CE /* Build configuration list for PBXNativeTarget "ThreeDayHump" */;
			buildPhases = (
				9BF6C1F52781DC4800E486CE /* Sources */,
				9BF6C1F62781DC4800E486CE /* Frameworks */,
				9BF6C1F72781DC4800E486CE /* Resources */,
			);
			buildRules = (
			);
			dependencies = (
			);
			name = ThreeDayHump;
			productName = ThreeDayHump;
			productReference = 9BF6C1F92781DC4800E486CE /* ThreeDayHump.app */;
			productType = "com.apple.product-type.application";
		};
/* End PBXNativeTarget section */

/* Begin PBXProject section */
		9BF6C1F12781DC4800E486CE /* Project object */ = {
			isa = PBXProject;
			attributes = {
				BuildIndependentTargetsInParallel = 1;
				LastSwiftUpdateCheck = 1320;
				LastUpgradeCheck = 1320;
				TargetAttributes = {
					9BF6C1F82781DC4800E486CE = {
						CreatedOnToolsVersion = 13.2.1;
					};
				};
			};
			buildConfigurationList = 9BF6C1F42781DC4800E486CE /* Build configuration list for PBXProject "ThreeDayHump" */;
			compatibilityVersion = "Xcode 13.0";
			developmentRegion = en;
			hasScannedForEncodings = 0;
			knownRegions = (
				en,
				Base,
			);
			mainGroup = 9BF6C1F02781DC4800E486CE;
			productRefGroup = 9BF6C1FA2781DC4800E486CE /* Products */;
			projectDirPath = "";
			projectRoot = "";
			targets = (
				9BF6C1F82781DC4800E486CE /* ThreeDayHump */,
			);
		};
/* End PBXProject section */

/* Begin PBXResourcesBuildPhase section */
		9BF6C1F72781DC4800E486CE /* Resources */ = {
			isa = PBXResourcesBuildPhase;
			buildActionMask = 2147483647;
			files = (
				9BF6C21427871D6E00E486CE /* BMYEONSUNG_otf.otf in Resources */,
				9BF6C2092781DC4900E486CE /* LaunchScreen.storyboard in Resources */,
				9B65DAE5278728DA00F01979 /* BMHANNAProOTF.otf.ttf in Resources */,
				9BB8C96D278F1B4A000B61F4 /* GowunBatang-Bold.ttf in Resources */,
				9BF6C2062781DC4900E486CE /* Assets.xcassets in Resources */,
				9BF6C2042781DC4800E486CE /* Main.storyboard in Resources */,
				9B6CF8FD27A53A76007384B2 /* AlertViewController.xib in Resources */,
			);
			runOnlyForDeploymentPostprocessing = 0;
		};
/* End PBXResourcesBuildPhase section */

/* Begin PBXSourcesBuildPhase section */
		9BF6C1F52781DC4800E486CE /* Sources */ = {
			isa = PBXSourcesBuildPhase;
			buildActionMask = 2147483647;
			files = (
				9BF6C2012781DC4800E486CE /* GoalViewController.swift in Sources */,
				9B6CF90127A778F5007384B2 /* InfoViewController.swift in Sources */,
				9B1A0CF42789190C0085B9CF /* ThreeDayViewController.swift in Sources */,
				9B65DAE32787270000F01979 /* MoreViewController.swift in Sources */,
				9BF6C1FD2781DC4800E486CE /* AppDelegate.swift in Sources */,
				9B6CF8FC27A53A76007384B2 /* AlertViewController.swift in Sources */,
				9BA9F7D52789889C00F9F86B /* UIButton.swift in Sources */,
				9B6CF8FF27A6E573007384B2 /* AlertType.swift in Sources */,
				9B6CF8F3279824CD007384B2 /* BaseViewController.swift in Sources */,
				9B1A0CF727891D360085B9CF /* Goal.swift in Sources */,
				9BF6C1FF2781DC4800E486CE /* SceneDelegate.swift in Sources */,
			);
			runOnlyForDeploymentPostprocessing = 0;
		};
/* End PBXSourcesBuildPhase section */

/* Begin PBXVariantGroup section */
		9BF6C2022781DC4800E486CE /* Main.storyboard */ = {
			isa = PBXVariantGroup;
			children = (
				9BF6C2032781DC4800E486CE /* Base */,
			);
			name = Main.storyboard;
			sourceTree = "<group>";
		};
		9BF6C2072781DC4900E486CE /* LaunchScreen.storyboard */ = {
			isa = PBXVariantGroup;
			children = (
				9BF6C2082781DC4900E486CE /* Base */,
			);
			name = LaunchScreen.storyboard;
			sourceTree = "<group>";
		};
/* End PBXVariantGroup section */

/* Begin XCBuildConfiguration section */
		9BF6C20B2781DC4900E486CE /* Debug */ = {
			isa = XCBuildConfiguration;
			buildSettings = {
				ALWAYS_SEARCH_USER_PATHS = NO;
				CLANG_ANALYZER_NONNULL = YES;
				CLANG_ANALYZER_NUMBER_OBJECT_CONVERSION = YES_AGGRESSIVE;
				CLANG_CXX_LANGUAGE_STANDARD = "gnu++17";
				CLANG_CXX_LIBRARY = "libc++";
				CLANG_ENABLE_MODULES = YES;
				CLANG_ENABLE_OBJC_ARC = YES;
				CLANG_ENABLE_OBJC_WEAK = YES;
				CLANG_WARN_BLOCK_CAPTURE_AUTORELEASING = YES;
				CLANG_WARN_BOOL_CONVERSION = YES;
				CLANG_WARN_COMMA = YES;
				CLANG_WARN_CONSTANT_CONVERSION = YES;
				CLANG_WARN_DEPRECATED_OBJC_IMPLEMENTATIONS = YES;
				CLANG_WARN_DIRECT_OBJC_ISA_USAGE = YES_ERROR;
				CLANG_WARN_DOCUMENTATION_COMMENTS = YES;
				CLANG_WARN_EMPTY_BODY = YES;
				CLANG_WARN_ENUM_CONVERSION = YES;
				CLANG_WARN_INFINITE_RECURSION = YES;
				CLANG_WARN_INT_CONVERSION = YES;
				CLANG_WARN_NON_LITERAL_NULL_CONVERSION = YES;
				CLANG_WARN_OBJC_IMPLICIT_RETAIN_SELF = YES;
				CLANG_WARN_OBJC_LITERAL_CONVERSION = YES;
				CLANG_WARN_OBJC_ROOT_CLASS = YES_ERROR;
				CLANG_WARN_QUOTED_INCLUDE_IN_FRAMEWORK_HEADER = YES;
				CLANG_WARN_RANGE_LOOP_ANALYSIS = YES;
				CLANG_WARN_STRICT_PROTOTYPES = YES;
				CLANG_WARN_SUSPICIOUS_MOVE = YES;
				CLANG_WARN_UNGUARDED_AVAILABILITY = YES_AGGRESSIVE;
				CLANG_WARN_UNREACHABLE_CODE = YES;
				CLANG_WARN__DUPLICATE_METHOD_MATCH = YES;
				COPY_PHASE_STRIP = NO;
				DEBUG_INFORMATION_FORMAT = dwarf;
				ENABLE_STRICT_OBJC_MSGSEND = YES;
				ENABLE_TESTABILITY = YES;
				GCC_C_LANGUAGE_STANDARD = gnu11;
				GCC_DYNAMIC_NO_PIC = NO;
				GCC_NO_COMMON_BLOCKS = YES;
				GCC_OPTIMIZATION_LEVEL = 0;
				GCC_PREPROCESSOR_DEFINITIONS = (
					"DEBUG=1",
					"$(inherited)",
				);
				GCC_WARN_64_TO_32_BIT_CONVERSION = YES;
				GCC_WARN_ABOUT_RETURN_TYPE = YES_ERROR;
				GCC_WARN_UNDECLARED_SELECTOR = YES;
				GCC_WARN_UNINITIALIZED_AUTOS = YES_AGGRESSIVE;
				GCC_WARN_UNUSED_FUNCTION = YES;
				GCC_WARN_UNUSED_VARIABLE = YES;
				IPHONEOS_DEPLOYMENT_TARGET = 13.0;
				MTL_ENABLE_DEBUG_INFO = INCLUDE_SOURCE;
				MTL_FAST_MATH = YES;
				ONLY_ACTIVE_ARCH = YES;
				SDKROOT = iphoneos;
				SWIFT_ACTIVE_COMPILATION_CONDITIONS = DEBUG;
				SWIFT_OPTIMIZATION_LEVEL = "-Onone";
			};
			name = Debug;
		};
		9BF6C20C2781DC4900E486CE /* Release */ = {
			isa = XCBuildConfiguration;
			buildSettings = {
				ALWAYS_SEARCH_USER_PATHS = NO;
				CLANG_ANALYZER_NONNULL = YES;
				CLANG_ANALYZER_NUMBER_OBJECT_CONVERSION = YES_AGGRESSIVE;
				CLANG_CXX_LANGUAGE_STANDARD = "gnu++17";
				CLANG_CXX_LIBRARY = "libc++";
				CLANG_ENABLE_MODULES = YES;
				CLANG_ENABLE_OBJC_ARC = YES;
				CLANG_ENABLE_OBJC_WEAK = YES;
				CLANG_WARN_BLOCK_CAPTURE_AUTORELEASING = YES;
				CLANG_WARN_BOOL_CONVERSION = YES;
				CLANG_WARN_COMMA = YES;
				CLANG_WARN_CONSTANT_CONVERSION = YES;
				CLANG_WARN_DEPRECATED_OBJC_IMPLEMENTATIONS = YES;
				CLANG_WARN_DIRECT_OBJC_ISA_USAGE = YES_ERROR;
				CLANG_WARN_DOCUMENTATION_COMMENTS = YES;
				CLANG_WARN_EMPTY_BODY = YES;
				CLANG_WARN_ENUM_CONVERSION = YES;
				CLANG_WARN_INFINITE_RECURSION = YES;
				CLANG_WARN_INT_CONVERSION = YES;
				CLANG_WARN_NON_LITERAL_NULL_CONVERSION = YES;
				CLANG_WARN_OBJC_IMPLICIT_RETAIN_SELF = YES;
				CLANG_WARN_OBJC_LITERAL_CONVERSION = YES;
				CLANG_WARN_OBJC_ROOT_CLASS = YES_ERROR;
				CLANG_WARN_QUOTED_INCLUDE_IN_FRAMEWORK_HEADER = YES;
				CLANG_WARN_RANGE_LOOP_ANALYSIS = YES;
				CLANG_WARN_STRICT_PROTOTYPES = YES;
				CLANG_WARN_SUSPICIOUS_MOVE = YES;
				CLANG_WARN_UNGUARDED_AVAILABILITY = YES_AGGRESSIVE;
				CLANG_WARN_UNREACHABLE_CODE = YES;
				CLANG_WARN__DUPLICATE_METHOD_MATCH = YES;
				COPY_PHASE_STRIP = NO;
				DEBUG_INFORMATION_FORMAT = "dwarf-with-dsym";
				ENABLE_NS_ASSERTIONS = NO;
				ENABLE_STRICT_OBJC_MSGSEND = YES;
				GCC_C_LANGUAGE_STANDARD = gnu11;
				GCC_NO_COMMON_BLOCKS = YES;
				GCC_WARN_64_TO_32_BIT_CONVERSION = YES;
				GCC_WARN_ABOUT_RETURN_TYPE = YES_ERROR;
				GCC_WARN_UNDECLARED_SELECTOR = YES;
				GCC_WARN_UNINITIALIZED_AUTOS = YES_AGGRESSIVE;
				GCC_WARN_UNUSED_FUNCTION = YES;
				GCC_WARN_UNUSED_VARIABLE = YES;
				IPHONEOS_DEPLOYMENT_TARGET = 13.0;
				MTL_ENABLE_DEBUG_INFO = NO;
				MTL_FAST_MATH = YES;
				SDKROOT = iphoneos;
				SWIFT_COMPILATION_MODE = wholemodule;
				SWIFT_OPTIMIZATION_LEVEL = "-O";
				VALIDATE_PRODUCT = YES;
			};
			name = Release;
		};
		9BF6C20E2781DC4900E486CE /* Debug */ = {
			isa = XCBuildConfiguration;
			buildSettings = {
				ASSETCATALOG_COMPILER_APPICON_NAME = AppIcon;
				ASSETCATALOG_COMPILER_GLOBAL_ACCENT_COLOR_NAME = AccentColor;
				CODE_SIGN_STYLE = Automatic;
				CURRENT_PROJECT_VERSION = 1;
				DEVELOPMENT_TEAM = 5VPZU4RB4D;
				GENERATE_INFOPLIST_FILE = YES;
				INFOPLIST_FILE = ThreeDayHump/Info.plist;
				INFOPLIST_KEY_CFBundleDisplayName = "작심삼일";
				INFOPLIST_KEY_UIApplicationSupportsIndirectInputEvents = YES;
				INFOPLIST_KEY_UILaunchStoryboardName = LaunchScreen;
				INFOPLIST_KEY_UIMainStoryboardFile = Main;
				INFOPLIST_KEY_UISupportedInterfaceOrientations = UIInterfaceOrientationPortrait;
				INFOPLIST_KEY_UISupportedInterfaceOrientations_iPad = "UIInterfaceOrientationPortrait UIInterfaceOrientationPortraitUpsideDown UIInterfaceOrientationLandscapeLeft UIInterfaceOrientationLandscapeRight";
				INFOPLIST_KEY_UISupportedInterfaceOrientations_iPhone = UIInterfaceOrientationPortrait;
				IPHONEOS_DEPLOYMENT_TARGET = 14.0;
				LD_RUNPATH_SEARCH_PATHS = (
					"$(inherited)",
					"@executable_path/Frameworks",
				);
				MARKETING_VERSION = 1.0.9;
				PRODUCT_BUNDLE_IDENTIFIER = com.jeong9216.ThreeDayHump;
				PRODUCT_NAME = "$(TARGET_NAME)";
				SWIFT_EMIT_LOC_STRINGS = YES;
				SWIFT_VERSION = 5.0;
				TARGETED_DEVICE_FAMILY = "1,2";
			};
			name = Debug;
		};
		9BF6C20F2781DC4900E486CE /* Release */ = {
			isa = XCBuildConfiguration;
			buildSettings = {
				ASSETCATALOG_COMPILER_APPICON_NAME = AppIcon;
				ASSETCATALOG_COMPILER_GLOBAL_ACCENT_COLOR_NAME = AccentColor;
				CODE_SIGN_STYLE = Automatic;
				CURRENT_PROJECT_VERSION = 1;
				DEVELOPMENT_TEAM = 5VPZU4RB4D;
				GENERATE_INFOPLIST_FILE = YES;
				INFOPLIST_FILE = ThreeDayHump/Info.plist;
				INFOPLIST_KEY_CFBundleDisplayName = "작심삼일";
				INFOPLIST_KEY_UIApplicationSupportsIndirectInputEvents = YES;
				INFOPLIST_KEY_UILaunchStoryboardName = LaunchScreen;
				INFOPLIST_KEY_UIMainStoryboardFile = Main;
				INFOPLIST_KEY_UISupportedInterfaceOrientations = UIInterfaceOrientationPortrait;
				INFOPLIST_KEY_UISupportedInterfaceOrientations_iPad = "UIInterfaceOrientationPortrait UIInterfaceOrientationPortraitUpsideDown UIInterfaceOrientationLandscapeLeft UIInterfaceOrientationLandscapeRight";
				INFOPLIST_KEY_UISupportedInterfaceOrientations_iPhone = UIInterfaceOrientationPortrait;
				IPHONEOS_DEPLOYMENT_TARGET = 14.0;
				LD_RUNPATH_SEARCH_PATHS = (
					"$(inherited)",
					"@executable_path/Frameworks",
				);
				MARKETING_VERSION = 1.0.9;
				PRODUCT_BUNDLE_IDENTIFIER = com.jeong9216.ThreeDayHump;
				PRODUCT_NAME = "$(TARGET_NAME)";
				SWIFT_EMIT_LOC_STRINGS = YES;
				SWIFT_VERSION = 5.0;
				TARGETED_DEVICE_FAMILY = "1,2";
			};
			name = Release;
		};
/* End XCBuildConfiguration section */

/* Begin XCConfigurationList section */
		9BF6C1F42781DC4800E486CE /* Build configuration list for PBXProject "ThreeDayHump" */ = {
			isa = XCConfigurationList;
			buildConfigurations = (
				9BF6C20B2781DC4900E486CE /* Debug */,
				9BF6C20C2781DC4900E486CE /* Release */,
			);
			defaultConfigurationIsVisible = 0;
			defaultConfigurationName = Release;
		};
		9BF6C20D2781DC4900E486CE /* Build configuration list for PBXNativeTarget "ThreeDayHump" */ = {
			isa = XCConfigurationList;
			buildConfigurations = (
				9BF6C20E2781DC4900E486CE /* Debug */,
				9BF6C20F2781DC4900E486CE /* Release */,
			);
			defaultConfigurationIsVisible = 0;
			defaultConfigurationName = Release;
		};
/* End XCConfigurationList section */
	};
	rootObject = 9BF6C1F12781DC4800E486CE /* Project object */;
}
