// !$*UTF8*$!
{
	archiveVersion = 1;
	classes = {
	};
	objectVersion = 55;
	objects = {

/* Begin PBXBuildFile section */
		9B1A0CF42789190C0085B9CF /* ThreeDayViewController.swift in Sources */ = {isa = PBXBuildFile; fileRef = 9B1A0CF32789190C0085B9CF /* ThreeDayViewController.swift */; };
		9B1A0CF727891D360085B9CF /* Goal.swift in Sources */ = {isa = PBXBuildFile; fileRef = 9B1A0CF627891D360085B9CF /* Goal.swift */; };
		9B26C97A28CA18E100B1D7EF /* GoalViewController.storyboard in Resources */ = {isa = PBXBuildFile; fileRef = 9B26C97928CA18E100B1D7EF /* GoalViewController.storyboard */; };
		9B26C97C28CA1B3600B1D7EF /* ThreeDayViewController.storyboard in Resources */ = {isa = PBXBuildFile; fileRef = 9B26C97B28CA1B3600B1D7EF /* ThreeDayViewController.storyboard */; };
		9B26C98128CA204C00B1D7EF /* InfoViewController.storyboard in Resources */ = {isa = PBXBuildFile; fileRef = 9B26C98028CA204C00B1D7EF /* InfoViewController.storyboard */; };
		9B26C98328CA231900B1D7EF /* MoreViewController.storyboard in Resources */ = {isa = PBXBuildFile; fileRef = 9B26C98228CA231900B1D7EF /* MoreViewController.storyboard */; };
		9B26C98528CAC23000B1D7EF /* UIViewController.swift in Sources */ = {isa = PBXBuildFile; fileRef = 9B26C98428CAC23000B1D7EF /* UIViewController.swift */; };
		9B65DAE32787270000F01979 /* MoreViewController.swift in Sources */ = {isa = PBXBuildFile; fileRef = 9B65DAE22787270000F01979 /* MoreViewController.swift */; };
		9B65DAE5278728DA00F01979 /* BMHANNAProOTF.otf.ttf in Resources */ = {isa = PBXBuildFile; fileRef = 9B65DAE4278728DA00F01979 /* BMHANNAProOTF.otf.ttf */; };
		9B6CF8FC27A53A76007384B2 /* AlertViewController.swift in Sources */ = {isa = PBXBuildFile; fileRef = 9B6CF8FA27A53A76007384B2 /* AlertViewController.swift */; };
		9B6CF8FD27A53A76007384B2 /* AlertViewController.xib in Resources */ = {isa = PBXBuildFile; fileRef = 9B6CF8FB27A53A76007384B2 /* AlertViewController.xib */; };
		9B6CF90127A778F5007384B2 /* InfoViewController.swift in Sources */ = {isa = PBXBuildFile; fileRef = 9B6CF90027A778F5007384B2 /* InfoViewController.swift */; };
		9B6CF90C27C0FC43007384B2 /* BaseData.swift in Sources */ = {isa = PBXBuildFile; fileRef = 9B6CF90B27C0FC43007384B2 /* BaseData.swift */; };
		9B7639072A4D53870099B94C /* MainTabBarViewController.swift in Sources */ = {isa = PBXBuildFile; fileRef = 9B7639062A4D53870099B94C /* MainTabBarViewController.swift */; };
		9B7639092A4D557D0099B94C /* UIColor.swift in Sources */ = {isa = PBXBuildFile; fileRef = 9B7639082A4D557D0099B94C /* UIColor.swift */; };
		9B83DC3A2A4D2C970073FBBC /* LaunchViewController.swift in Sources */ = {isa = PBXBuildFile; fileRef = 9B83DC392A4D2C970073FBBC /* LaunchViewController.swift */; };
		9B83DC3C2A4D2E5C0073FBBC /* LaunchViewController.storyboard in Resources */ = {isa = PBXBuildFile; fileRef = 9B83DC3B2A4D2E5C0073FBBC /* LaunchViewController.storyboard */; };
		9B83DC3E2A4D33890073FBBC /* GoogleService-Info.plist in Resources */ = {isa = PBXBuildFile; fileRef = 9B83DC3D2A4D33890073FBBC /* GoogleService-Info.plist */; };
		9B83DC462A4D35E30073FBBC /* FirebaseService.swift in Sources */ = {isa = PBXBuildFile; fileRef = 9B83DC452A4D35E30073FBBC /* FirebaseService.swift */; };
		9B83DC492A4D38580073FBBC /* FirebaseDatabase in Frameworks */ = {isa = PBXBuildFile; productRef = 9B83DC482A4D38580073FBBC /* FirebaseDatabase */; };
		9B83DC4C2A4D3A180073FBBC /* LaunchViewModel.swift in Sources */ = {isa = PBXBuildFile; fileRef = 9B83DC4B2A4D3A180073FBBC /* LaunchViewModel.swift */; };
		9B83DC4E2A4D3A820073FBBC /* VersionData.swift in Sources */ = {isa = PBXBuildFile; fileRef = 9B83DC4D2A4D3A820073FBBC /* VersionData.swift */; };
		9B83DC512A4D3DCD0073FBBC /* Logger.swift in Sources */ = {isa = PBXBuildFile; fileRef = 9B83DC502A4D3DCD0073FBBC /* Logger.swift */; };
		9BA9F7D52789889C00F9F86B /* UIButton.swift in Sources */ = {isa = PBXBuildFile; fileRef = 9BA9F7D42789889C00F9F86B /* UIButton.swift */; };
		9BF6C1FD2781DC4800E486CE /* AppDelegate.swift in Sources */ = {isa = PBXBuildFile; fileRef = 9BF6C1FC2781DC4800E486CE /* AppDelegate.swift */; };
		9BF6C1FF2781DC4800E486CE /* SceneDelegate.swift in Sources */ = {isa = PBXBuildFile; fileRef = 9BF6C1FE2781DC4800E486CE /* SceneDelegate.swift */; };
		9BF6C2012781DC4800E486CE /* GoalViewController.swift in Sources */ = {isa = PBXBuildFile; fileRef = 9BF6C2002781DC4800E486CE /* GoalViewController.swift */; };
		9BF6C2062781DC4900E486CE /* Assets.xcassets in Resources */ = {isa = PBXBuildFile; fileRef = 9BF6C2052781DC4900E486CE /* Assets.xcassets */; };
		9BF6C2092781DC4900E486CE /* LaunchScreen.storyboard in Resources */ = {isa = PBXBuildFile; fileRef = 9BF6C2072781DC4900E486CE /* LaunchScreen.storyboard */; };
/* End PBXBuildFile section */

/* Begin PBXFileReference section */
		9B1A0CF32789190C0085B9CF /* ThreeDayViewController.swift */ = {isa = PBXFileReference; lastKnownFileType = sourcecode.swift; path = ThreeDayViewController.swift; sourceTree = "<group>"; };
		9B1A0CF627891D360085B9CF /* Goal.swift */ = {isa = PBXFileReference; lastKnownFileType = sourcecode.swift; path = Goal.swift; sourceTree = "<group>"; };
		9B26C97928CA18E100B1D7EF /* GoalViewController.storyboard */ = {isa = PBXFileReference; lastKnownFileType = file.storyboard; path = GoalViewController.storyboard; sourceTree = "<group>"; };
		9B26C97B28CA1B3600B1D7EF /* ThreeDayViewController.storyboard */ = {isa = PBXFileReference; lastKnownFileType = file.storyboard; path = ThreeDayViewController.storyboard; sourceTree = "<group>"; };
		9B26C98028CA204C00B1D7EF /* InfoViewController.storyboard */ = {isa = PBXFileReference; lastKnownFileType = file.storyboard; path = InfoViewController.storyboard; sourceTree = "<group>"; };
		9B26C98228CA231900B1D7EF /* MoreViewController.storyboard */ = {isa = PBXFileReference; lastKnownFileType = file.storyboard; path = MoreViewController.storyboard; sourceTree = "<group>"; };
		9B26C98428CAC23000B1D7EF /* UIViewController.swift */ = {isa = PBXFileReference; lastKnownFileType = sourcecode.swift; path = UIViewController.swift; sourceTree = "<group>"; };
		9B65DAE22787270000F01979 /* MoreViewController.swift */ = {isa = PBXFileReference; lastKnownFileType = sourcecode.swift; path = MoreViewController.swift; sourceTree = "<group>"; };
		9B65DAE4278728DA00F01979 /* BMHANNAProOTF.otf.ttf */ = {isa = PBXFileReference; lastKnownFileType = file; path = BMHANNAProOTF.otf.ttf; sourceTree = "<group>"; };
		9B6CF8FA27A53A76007384B2 /* AlertViewController.swift */ = {isa = PBXFileReference; lastKnownFileType = sourcecode.swift; path = AlertViewController.swift; sourceTree = "<group>"; };
		9B6CF8FB27A53A76007384B2 /* AlertViewController.xib */ = {isa = PBXFileReference; lastKnownFileType = file.xib; path = AlertViewController.xib; sourceTree = "<group>"; };
		9B6CF90027A778F5007384B2 /* InfoViewController.swift */ = {isa = PBXFileReference; lastKnownFileType = sourcecode.swift; path = InfoViewController.swift; sourceTree = "<group>"; };
		9B6CF90B27C0FC43007384B2 /* BaseData.swift */ = {isa = PBXFileReference; lastKnownFileType = sourcecode.swift; path = BaseData.swift; sourceTree = "<group>"; };
		9B7639062A4D53870099B94C /* MainTabBarViewController.swift */ = {isa = PBXFileReference; lastKnownFileType = sourcecode.swift; path = MainTabBarViewController.swift; sourceTree = "<group>"; };
		9B7639082A4D557D0099B94C /* UIColor.swift */ = {isa = PBXFileReference; lastKnownFileType = sourcecode.swift; path = UIColor.swift; sourceTree = "<group>"; };
		9B83DC392A4D2C970073FBBC /* LaunchViewController.swift */ = {isa = PBXFileReference; lastKnownFileType = sourcecode.swift; path = LaunchViewController.swift; sourceTree = "<group>"; };
		9B83DC3B2A4D2E5C0073FBBC /* LaunchViewController.storyboard */ = {isa = PBXFileReference; lastKnownFileType = file.storyboard; path = LaunchViewController.storyboard; sourceTree = "<group>"; };
		9B83DC3D2A4D33890073FBBC /* GoogleService-Info.plist */ = {isa = PBXFileReference; fileEncoding = 4; lastKnownFileType = text.plist.xml; name = "GoogleService-Info.plist"; path = "../../../../../../Downloads/GoogleService-Info.plist"; sourceTree = "<group>"; };
		9B83DC452A4D35E30073FBBC /* FirebaseService.swift */ = {isa = PBXFileReference; lastKnownFileType = sourcecode.swift; path = FirebaseService.swift; sourceTree = "<group>"; };
		9B83DC4B2A4D3A180073FBBC /* LaunchViewModel.swift */ = {isa = PBXFileReference; lastKnownFileType = sourcecode.swift; path = LaunchViewModel.swift; sourceTree = "<group>"; };
		9B83DC4D2A4D3A820073FBBC /* VersionData.swift */ = {isa = PBXFileReference; lastKnownFileType = sourcecode.swift; path = VersionData.swift; sourceTree = "<group>"; };
		9B83DC502A4D3DCD0073FBBC /* Logger.swift */ = {isa = PBXFileReference; lastKnownFileType = sourcecode.swift; path = Logger.swift; sourceTree = "<group>"; };
		9BA9F7D42789889C00F9F86B /* UIButton.swift */ = {isa = PBXFileReference; lastKnownFileType = sourcecode.swift; path = UIButton.swift; sourceTree = "<group>"; };
		9BF6C1F92781DC4800E486CE /* ThreeDayResolution.app */ = {isa = PBXFileReference; explicitFileType = wrapper.application; includeInIndex = 0; path = ThreeDayResolution.app; sourceTree = BUILT_PRODUCTS_DIR; };
		9BF6C1FC2781DC4800E486CE /* AppDelegate.swift */ = {isa = PBXFileReference; lastKnownFileType = sourcecode.swift; path = AppDelegate.swift; sourceTree = "<group>"; };
		9BF6C1FE2781DC4800E486CE /* SceneDelegate.swift */ = {isa = PBXFileReference; lastKnownFileType = sourcecode.swift; path = SceneDelegate.swift; sourceTree = "<group>"; };
		9BF6C2002781DC4800E486CE /* GoalViewController.swift */ = {isa = PBXFileReference; lastKnownFileType = sourcecode.swift; path = GoalViewController.swift; sourceTree = "<group>"; };
		9BF6C2052781DC4900E486CE /* Assets.xcassets */ = {isa = PBXFileReference; lastKnownFileType = folder.assetcatalog; path = Assets.xcassets; sourceTree = "<group>"; };
		9BF6C2082781DC4900E486CE /* Base */ = {isa = PBXFileReference; lastKnownFileType = file.storyboard; name = Base; path = Base.lproj/LaunchScreen.storyboard; sourceTree = "<group>"; };
		9BF6C20A2781DC4900E486CE /* Info.plist */ = {isa = PBXFileReference; lastKnownFileType = text.plist.xml; path = Info.plist; sourceTree = "<group>"; };
/* End PBXFileReference section */

/* Begin PBXFrameworksBuildPhase section */
		9BF6C1F62781DC4800E486CE /* Frameworks */ = {
			isa = PBXFrameworksBuildPhase;
			buildActionMask = 2147483647;
			files = (
				9B83DC492A4D38580073FBBC /* FirebaseDatabase in Frameworks */,
			);
			runOnlyForDeploymentPostprocessing = 0;
		};
/* End PBXFrameworksBuildPhase section */

/* Begin PBXGroup section */
		9B26C97D28CA201700B1D7EF /* AlertViewController */ = {
			isa = PBXGroup;
			children = (
				9B6CF8FA27A53A76007384B2 /* AlertViewController.swift */,
				9B6CF8FB27A53A76007384B2 /* AlertViewController.xib */,
			);
			path = AlertViewController;
			sourceTree = "<group>";
		};
		9B26C97E28CA203C00B1D7EF /* InfoScreen */ = {
			isa = PBXGroup;
			children = (
				9B6CF90027A778F5007384B2 /* InfoViewController.swift */,
				9B26C98028CA204C00B1D7EF /* InfoViewController.storyboard */,
			);
			path = InfoScreen;
			sourceTree = "<group>";
		};
		9B6CF90227AEB5D0007384B2 /* GoalScreen */ = {
			isa = PBXGroup;
			children = (
				9BF6C2002781DC4800E486CE /* GoalViewController.swift */,
				9B26C97928CA18E100B1D7EF /* GoalViewController.storyboard */,
			);
			path = GoalScreen;
			sourceTree = "<group>";
		};
		9B6CF90327AEB5E5007384B2 /* ThreeDayScreen */ = {
			isa = PBXGroup;
			children = (
				9B1A0CF32789190C0085B9CF /* ThreeDayViewController.swift */,
				9B26C97B28CA1B3600B1D7EF /* ThreeDayViewController.storyboard */,
			);
			path = ThreeDayScreen;
			sourceTree = "<group>";
		};
		9B6CF90427AEB6B1007384B2 /* Extensions */ = {
			isa = PBXGroup;
			children = (
				9BA9F7D42789889C00F9F86B /* UIButton.swift */,
				9B26C98428CAC23000B1D7EF /* UIViewController.swift */,
				9B7639082A4D557D0099B94C /* UIColor.swift */,
			);
			path = Extensions;
			sourceTree = "<group>";
		};
		9B6CF90527AEB6BF007384B2 /* MoreScreen */ = {
			isa = PBXGroup;
			children = (
				9B65DAE22787270000F01979 /* MoreViewController.swift */,
				9B26C98228CA231900B1D7EF /* MoreViewController.storyboard */,
			);
			path = MoreScreen;
			sourceTree = "<group>";
		};
		9B7639042A4D53660099B94C /* MainTabBar */ = {
			isa = PBXGroup;
			children = (
				9B7639052A4D53720099B94C /* View */,
			);
			path = MainTabBar;
			sourceTree = "<group>";
		};
		9B7639052A4D53720099B94C /* View */ = {
			isa = PBXGroup;
			children = (
				9B7639062A4D53870099B94C /* MainTabBarViewController.swift */,
			);
			path = View;
			sourceTree = "<group>";
		};
		9B83DC2E2A4C193B0073FBBC /* Presentation */ = {
			isa = PBXGroup;
			children = (
				9B83DC372A4D2C480073FBBC /* Launch */,
				9B7639042A4D53660099B94C /* MainTabBar */,
				9B6CF90227AEB5D0007384B2 /* GoalScreen */,
				9B6CF90327AEB5E5007384B2 /* ThreeDayScreen */,
				9B26C97E28CA203C00B1D7EF /* InfoScreen */,
				9B6CF90527AEB6BF007384B2 /* MoreScreen */,
				9B26C97D28CA201700B1D7EF /* AlertViewController */,
				9B6CF90427AEB6B1007384B2 /* Extensions */,
			);
			path = Presentation;
			sourceTree = "<group>";
		};
		9B83DC2F2A4C193F0073FBBC /* Application */ = {
			isa = PBXGroup;
			children = (
				9BF6C1FC2781DC4800E486CE /* AppDelegate.swift */,
				9BF6C1FE2781DC4800E486CE /* SceneDelegate.swift */,
				9B6CF90B27C0FC43007384B2 /* BaseData.swift */,
				9B83DC4F2A4D3D8A0073FBBC /* Utils */,
			);
			path = Application;
			sourceTree = "<group>";
		};
		9B83DC302A4C19430073FBBC /* Resources */ = {
			isa = PBXGroup;
			children = (
				9BF6C21227871C4F00E486CE /* Fonts */,
				9BF6C2072781DC4900E486CE /* LaunchScreen.storyboard */,
				9BF6C2052781DC4900E486CE /* Assets.xcassets */,
				9BF6C20A2781DC4900E486CE /* Info.plist */,
				9B83DC3D2A4D33890073FBBC /* GoogleService-Info.plist */,
			);
			path = Resources;
			sourceTree = "<group>";
		};
		9B83DC322A4C6B2A0073FBBC /* Domain */ = {
			isa = PBXGroup;
			children = (
				9B83DC332A4C6B2D0073FBBC /* Entity */,
			);
			path = Domain;
			sourceTree = "<group>";
		};
		9B83DC332A4C6B2D0073FBBC /* Entity */ = {
			isa = PBXGroup;
			children = (
				9B1A0CF627891D360085B9CF /* Goal.swift */,
				9B83DC4D2A4D3A820073FBBC /* VersionData.swift */,
			);
			path = Entity;
			sourceTree = "<group>";
		};
		9B83DC342A4C6B4F0073FBBC /* Data */ = {
			isa = PBXGroup;
			children = (
				9B83DC352A4C6B5D0073FBBC /* Repository */,
				9B83DC362A4C6B640073FBBC /* CoreData */,
				9B83DC422A4D35A90073FBBC /* Network */,
			);
			path = Data;
			sourceTree = "<group>";
		};
		9B83DC352A4C6B5D0073FBBC /* Repository */ = {
			isa = PBXGroup;
			children = (
			);
			path = Repository;
			sourceTree = "<group>";
		};
		9B83DC362A4C6B640073FBBC /* CoreData */ = {
			isa = PBXGroup;
			children = (
			);
			path = CoreData;
			sourceTree = "<group>";
		};
		9B83DC372A4D2C480073FBBC /* Launch */ = {
			isa = PBXGroup;
			children = (
				9B83DC382A4D2C4F0073FBBC /* View */,
				9B83DC4A2A4D3A0F0073FBBC /* ViewModel */,
			);
			path = Launch;
			sourceTree = "<group>";
		};
		9B83DC382A4D2C4F0073FBBC /* View */ = {
			isa = PBXGroup;
			children = (
				9B83DC392A4D2C970073FBBC /* LaunchViewController.swift */,
				9B83DC3B2A4D2E5C0073FBBC /* LaunchViewController.storyboard */,
			);
			path = View;
			sourceTree = "<group>";
		};
		9B83DC422A4D35A90073FBBC /* Network */ = {
			isa = PBXGroup;
			children = (
				9B83DC432A4D35CD0073FBBC /* Service */,
			);
			path = Network;
			sourceTree = "<group>";
		};
		9B83DC432A4D35CD0073FBBC /* Service */ = {
			isa = PBXGroup;
			children = (
				9B83DC442A4D35D00073FBBC /* FirebaseService */,
			);
			path = Service;
			sourceTree = "<group>";
		};
		9B83DC442A4D35D00073FBBC /* FirebaseService */ = {
			isa = PBXGroup;
			children = (
				9B83DC452A4D35E30073FBBC /* FirebaseService.swift */,
			);
			path = FirebaseService;
			sourceTree = "<group>";
		};
		9B83DC4A2A4D3A0F0073FBBC /* ViewModel */ = {
			isa = PBXGroup;
			children = (
				9B83DC4B2A4D3A180073FBBC /* LaunchViewModel.swift */,
			);
			path = ViewModel;
			sourceTree = "<group>";
		};
		9B83DC4F2A4D3D8A0073FBBC /* Utils */ = {
			isa = PBXGroup;
			children = (
				9B83DC502A4D3DCD0073FBBC /* Logger.swift */,
			);
			path = Utils;
			sourceTree = "<group>";
		};
		9BF6C1F02781DC4800E486CE = {
			isa = PBXGroup;
			children = (
				9BF6C1FB2781DC4800E486CE /* ThreeDayResolution */,
				9BF6C1FA2781DC4800E486CE /* Products */,
			);
			sourceTree = "<group>";
		};
		9BF6C1FA2781DC4800E486CE /* Products */ = {
			isa = PBXGroup;
			children = (
				9BF6C1F92781DC4800E486CE /* ThreeDayResolution.app */,
			);
			name = Products;
			sourceTree = "<group>";
		};
		9BF6C1FB2781DC4800E486CE /* ThreeDayResolution */ = {
			isa = PBXGroup;
			children = (
				9B83DC2F2A4C193F0073FBBC /* Application */,
				9B83DC2E2A4C193B0073FBBC /* Presentation */,
				9B83DC322A4C6B2A0073FBBC /* Domain */,
				9B83DC342A4C6B4F0073FBBC /* Data */,
				9B83DC302A4C19430073FBBC /* Resources */,
			);
			path = ThreeDayResolution;
			sourceTree = "<group>";
		};
		9BF6C21227871C4F00E486CE /* Fonts */ = {
			isa = PBXGroup;
			children = (
				9B65DAE4278728DA00F01979 /* BMHANNAProOTF.otf.ttf */,
			);
			path = Fonts;
			sourceTree = "<group>";
		};
/* End PBXGroup section */

/* Begin PBXNativeTarget section */
		9BF6C1F82781DC4800E486CE /* ThreeDayResolution */ = {
			isa = PBXNativeTarget;
			buildConfigurationList = 9BF6C20D2781DC4900E486CE /* Build configuration list for PBXNativeTarget "ThreeDayResolution" */;
			buildPhases = (
				9BF6C1F52781DC4800E486CE /* Sources */,
				9BF6C1F62781DC4800E486CE /* Frameworks */,
				9BF6C1F72781DC4800E486CE /* Resources */,
			);
			buildRules = (
			);
			dependencies = (
			);
			name = ThreeDayResolution;
			packageProductDependencies = (
				9B83DC482A4D38580073FBBC /* FirebaseDatabase */,
			);
			productName = ThreeDayHump;
			productReference = 9BF6C1F92781DC4800E486CE /* ThreeDayResolution.app */;
			productType = "com.apple.product-type.application";
		};
/* End PBXNativeTarget section */

/* Begin PBXProject section */
		9BF6C1F12781DC4800E486CE /* Project object */ = {
			isa = PBXProject;
			attributes = {
				BuildIndependentTargetsInParallel = 1;
				LastSwiftUpdateCheck = 1320;
				LastUpgradeCheck = 1320;
				TargetAttributes = {
					9BF6C1F82781DC4800E486CE = {
						CreatedOnToolsVersion = 13.2.1;
					};
				};
			};
			buildConfigurationList = 9BF6C1F42781DC4800E486CE /* Build configuration list for PBXProject "ThreeDayResolution" */;
			compatibilityVersion = "Xcode 13.0";
			developmentRegion = en;
			hasScannedForEncodings = 0;
			knownRegions = (
				en,
				Base,
			);
			mainGroup = 9BF6C1F02781DC4800E486CE;
			packageReferences = (
				9B83DC472A4D38580073FBBC /* XCRemoteSwiftPackageReference "firebase-ios-sdk" */,
			);
			productRefGroup = 9BF6C1FA2781DC4800E486CE /* Products */;
			projectDirPath = "";
			projectRoot = "";
			targets = (
				9BF6C1F82781DC4800E486CE /* ThreeDayResolution */,
			);
		};
/* End PBXProject section */

/* Begin PBXResourcesBuildPhase section */
		9BF6C1F72781DC4800E486CE /* Resources */ = {
			isa = PBXResourcesBuildPhase;
			buildActionMask = 2147483647;
			files = (
				9B26C97C28CA1B3600B1D7EF /* ThreeDayViewController.storyboard in Resources */,
				9B26C97A28CA18E100B1D7EF /* GoalViewController.storyboard in Resources */,
				9B83DC3C2A4D2E5C0073FBBC /* LaunchViewController.storyboard in Resources */,
				9BF6C2092781DC4900E486CE /* LaunchScreen.storyboard in Resources */,
				9B65DAE5278728DA00F01979 /* BMHANNAProOTF.otf.ttf in Resources */,
				9BF6C2062781DC4900E486CE /* Assets.xcassets in Resources */,
				9B6CF8FD27A53A76007384B2 /* AlertViewController.xib in Resources */,
				9B83DC3E2A4D33890073FBBC /* GoogleService-Info.plist in Resources */,
				9B26C98328CA231900B1D7EF /* MoreViewController.storyboard in Resources */,
				9B26C98128CA204C00B1D7EF /* InfoViewController.storyboard in Resources */,
			);
			runOnlyForDeploymentPostprocessing = 0;
		};
/* End PBXResourcesBuildPhase section */

/* Begin PBXSourcesBuildPhase section */
		9BF6C1F52781DC4800E486CE /* Sources */ = {
			isa = PBXSourcesBuildPhase;
			buildActionMask = 2147483647;
			files = (
				9BF6C2012781DC4800E486CE /* GoalViewController.swift in Sources */,
				9B6CF90127A778F5007384B2 /* InfoViewController.swift in Sources */,
				9B6CF90C27C0FC43007384B2 /* BaseData.swift in Sources */,
				9B7639072A4D53870099B94C /* MainTabBarViewController.swift in Sources */,
				9B1A0CF42789190C0085B9CF /* ThreeDayViewController.swift in Sources */,
				9B83DC4E2A4D3A820073FBBC /* VersionData.swift in Sources */,
				9B65DAE32787270000F01979 /* MoreViewController.swift in Sources */,
				9B83DC512A4D3DCD0073FBBC /* Logger.swift in Sources */,
				9BF6C1FD2781DC4800E486CE /* AppDelegate.swift in Sources */,
				9B6CF8FC27A53A76007384B2 /* AlertViewController.swift in Sources */,
				9B83DC462A4D35E30073FBBC /* FirebaseService.swift in Sources */,
				9B83DC3A2A4D2C970073FBBC /* LaunchViewController.swift in Sources */,
				9B83DC4C2A4D3A180073FBBC /* LaunchViewModel.swift in Sources */,
				9B7639092A4D557D0099B94C /* UIColor.swift in Sources */,
				9B26C98528CAC23000B1D7EF /* UIViewController.swift in Sources */,
				9BA9F7D52789889C00F9F86B /* UIButton.swift in Sources */,
				9B1A0CF727891D360085B9CF /* Goal.swift in Sources */,
				9BF6C1FF2781DC4800E486CE /* SceneDelegate.swift in Sources */,
			);
			runOnlyForDeploymentPostprocessing = 0;
		};
/* End PBXSourcesBuildPhase section */

/* Begin PBXVariantGroup section */
		9BF6C2072781DC4900E486CE /* LaunchScreen.storyboard */ = {
			isa = PBXVariantGroup;
			children = (
				9BF6C2082781DC4900E486CE /* Base */,
			);
			name = LaunchScreen.storyboard;
			sourceTree = "<group>";
		};
/* End PBXVariantGroup section */

/* Begin XCBuildConfiguration section */
		9BF6C20B2781DC4900E486CE /* Debug */ = {
			isa = XCBuildConfiguration;
			buildSettings = {
				ALWAYS_SEARCH_USER_PATHS = NO;
				CLANG_ANALYZER_NONNULL = YES;
				CLANG_ANALYZER_NUMBER_OBJECT_CONVERSION = YES_AGGRESSIVE;
				CLANG_CXX_LANGUAGE_STANDARD = "gnu++17";
				CLANG_CXX_LIBRARY = "libc++";
				CLANG_ENABLE_MODULES = YES;
				CLANG_ENABLE_OBJC_ARC = YES;
				CLANG_ENABLE_OBJC_WEAK = YES;
				CLANG_WARN_BLOCK_CAPTURE_AUTORELEASING = YES;
				CLANG_WARN_BOOL_CONVERSION = YES;
				CLANG_WARN_COMMA = YES;
				CLANG_WARN_CONSTANT_CONVERSION = YES;
				CLANG_WARN_DEPRECATED_OBJC_IMPLEMENTATIONS = YES;
				CLANG_WARN_DIRECT_OBJC_ISA_USAGE = YES_ERROR;
				CLANG_WARN_DOCUMENTATION_COMMENTS = YES;
				CLANG_WARN_EMPTY_BODY = YES;
				CLANG_WARN_ENUM_CONVERSION = YES;
				CLANG_WARN_INFINITE_RECURSION = YES;
				CLANG_WARN_INT_CONVERSION = YES;
				CLANG_WARN_NON_LITERAL_NULL_CONVERSION = YES;
				CLANG_WARN_OBJC_IMPLICIT_RETAIN_SELF = YES;
				CLANG_WARN_OBJC_LITERAL_CONVERSION = YES;
				CLANG_WARN_OBJC_ROOT_CLASS = YES_ERROR;
				CLANG_WARN_QUOTED_INCLUDE_IN_FRAMEWORK_HEADER = YES;
				CLANG_WARN_RANGE_LOOP_ANALYSIS = YES;
				CLANG_WARN_STRICT_PROTOTYPES = YES;
				CLANG_WARN_SUSPICIOUS_MOVE = YES;
				CLANG_WARN_UNGUARDED_AVAILABILITY = YES_AGGRESSIVE;
				CLANG_WARN_UNREACHABLE_CODE = YES;
				CLANG_WARN__DUPLICATE_METHOD_MATCH = YES;
				COPY_PHASE_STRIP = NO;
				DEBUG_INFORMATION_FORMAT = dwarf;
				ENABLE_STRICT_OBJC_MSGSEND = YES;
				ENABLE_TESTABILITY = YES;
				GCC_C_LANGUAGE_STANDARD = gnu11;
				GCC_DYNAMIC_NO_PIC = NO;
				GCC_NO_COMMON_BLOCKS = YES;
				GCC_OPTIMIZATION_LEVEL = 0;
				GCC_PREPROCESSOR_DEFINITIONS = (
					"DEBUG=1",
					"$(inherited)",
				);
				GCC_WARN_64_TO_32_BIT_CONVERSION = YES;
				GCC_WARN_ABOUT_RETURN_TYPE = YES_ERROR;
				GCC_WARN_UNDECLARED_SELECTOR = YES;
				GCC_WARN_UNINITIALIZED_AUTOS = YES_AGGRESSIVE;
				GCC_WARN_UNUSED_FUNCTION = YES;
				GCC_WARN_UNUSED_VARIABLE = YES;
				IPHONEOS_DEPLOYMENT_TARGET = 13.0;
				MTL_ENABLE_DEBUG_INFO = INCLUDE_SOURCE;
				MTL_FAST_MATH = YES;
				ONLY_ACTIVE_ARCH = YES;
				SDKROOT = iphoneos;
				SWIFT_ACTIVE_COMPILATION_CONDITIONS = DEBUG;
				SWIFT_OPTIMIZATION_LEVEL = "-Onone";
			};
			name = Debug;
		};
		9BF6C20C2781DC4900E486CE /* Release */ = {
			isa = XCBuildConfiguration;
			buildSettings = {
				ALWAYS_SEARCH_USER_PATHS = NO;
				CLANG_ANALYZER_NONNULL = YES;
				CLANG_ANALYZER_NUMBER_OBJECT_CONVERSION = YES_AGGRESSIVE;
				CLANG_CXX_LANGUAGE_STANDARD = "gnu++17";
				CLANG_CXX_LIBRARY = "libc++";
				CLANG_ENABLE_MODULES = YES;
				CLANG_ENABLE_OBJC_ARC = YES;
				CLANG_ENABLE_OBJC_WEAK = YES;
				CLANG_WARN_BLOCK_CAPTURE_AUTORELEASING = YES;
				CLANG_WARN_BOOL_CONVERSION = YES;
				CLANG_WARN_COMMA = YES;
				CLANG_WARN_CONSTANT_CONVERSION = YES;
				CLANG_WARN_DEPRECATED_OBJC_IMPLEMENTATIONS = YES;
				CLANG_WARN_DIRECT_OBJC_ISA_USAGE = YES_ERROR;
				CLANG_WARN_DOCUMENTATION_COMMENTS = YES;
				CLANG_WARN_EMPTY_BODY = YES;
				CLANG_WARN_ENUM_CONVERSION = YES;
				CLANG_WARN_INFINITE_RECURSION = YES;
				CLANG_WARN_INT_CONVERSION = YES;
				CLANG_WARN_NON_LITERAL_NULL_CONVERSION = YES;
				CLANG_WARN_OBJC_IMPLICIT_RETAIN_SELF = YES;
				CLANG_WARN_OBJC_LITERAL_CONVERSION = YES;
				CLANG_WARN_OBJC_ROOT_CLASS = YES_ERROR;
				CLANG_WARN_QUOTED_INCLUDE_IN_FRAMEWORK_HEADER = YES;
				CLANG_WARN_RANGE_LOOP_ANALYSIS = YES;
				CLANG_WARN_STRICT_PROTOTYPES = YES;
				CLANG_WARN_SUSPICIOUS_MOVE = YES;
				CLANG_WARN_UNGUARDED_AVAILABILITY = YES_AGGRESSIVE;
				CLANG_WARN_UNREACHABLE_CODE = YES;
				CLANG_WARN__DUPLICATE_METHOD_MATCH = YES;
				COPY_PHASE_STRIP = NO;
				DEBUG_INFORMATION_FORMAT = "dwarf-with-dsym";
				ENABLE_NS_ASSERTIONS = NO;
				ENABLE_STRICT_OBJC_MSGSEND = YES;
				GCC_C_LANGUAGE_STANDARD = gnu11;
				GCC_NO_COMMON_BLOCKS = YES;
				GCC_WARN_64_TO_32_BIT_CONVERSION = YES;
				GCC_WARN_ABOUT_RETURN_TYPE = YES_ERROR;
				GCC_WARN_UNDECLARED_SELECTOR = YES;
				GCC_WARN_UNINITIALIZED_AUTOS = YES_AGGRESSIVE;
				GCC_WARN_UNUSED_FUNCTION = YES;
				GCC_WARN_UNUSED_VARIABLE = YES;
				IPHONEOS_DEPLOYMENT_TARGET = 13.0;
				MTL_ENABLE_DEBUG_INFO = NO;
				MTL_FAST_MATH = YES;
				SDKROOT = iphoneos;
				SWIFT_COMPILATION_MODE = wholemodule;
				SWIFT_OPTIMIZATION_LEVEL = "-O";
				VALIDATE_PRODUCT = YES;
			};
			name = Release;
		};
		9BF6C20E2781DC4900E486CE /* Debug */ = {
			isa = XCBuildConfiguration;
			buildSettings = {
				ASSETCATALOG_COMPILER_APPICON_NAME = AppIcon;
				ASSETCATALOG_COMPILER_GLOBAL_ACCENT_COLOR_NAME = AccentColor;
				CODE_SIGN_STYLE = Automatic;
				CURRENT_PROJECT_VERSION = 1;
				DEVELOPMENT_TEAM = WPX8MV29XR;
				GENERATE_INFOPLIST_FILE = YES;
				INFOPLIST_FILE = ThreeDayResolution/Resources/Info.plist;
				INFOPLIST_KEY_CFBundleDisplayName = "작심삼일";
				INFOPLIST_KEY_UIApplicationSupportsIndirectInputEvents = YES;
				INFOPLIST_KEY_UILaunchStoryboardName = LaunchScreen;
				INFOPLIST_KEY_UISupportedInterfaceOrientations = UIInterfaceOrientationPortrait;
				INFOPLIST_KEY_UISupportedInterfaceOrientations_iPad = "UIInterfaceOrientationPortrait UIInterfaceOrientationPortraitUpsideDown UIInterfaceOrientationLandscapeLeft UIInterfaceOrientationLandscapeRight";
				INFOPLIST_KEY_UISupportedInterfaceOrientations_iPhone = UIInterfaceOrientationPortrait;
				IPHONEOS_DEPLOYMENT_TARGET = 14.0;
				LD_RUNPATH_SEARCH_PATHS = (
					"$(inherited)",
					"@executable_path/Frameworks",
				);
				MARKETING_VERSION = 1.2.0;
				PRODUCT_BUNDLE_IDENTIFIER = com.jeong9216.ThreeDayHump;
				PRODUCT_NAME = "$(TARGET_NAME)";
				SWIFT_EMIT_LOC_STRINGS = YES;
				SWIFT_VERSION = 5.0;
				TARGETED_DEVICE_FAMILY = "1,2";
			};
			name = Debug;
		};
		9BF6C20F2781DC4900E486CE /* Release */ = {
			isa = XCBuildConfiguration;
			buildSettings = {
				ASSETCATALOG_COMPILER_APPICON_NAME = AppIcon;
				ASSETCATALOG_COMPILER_GLOBAL_ACCENT_COLOR_NAME = AccentColor;
				CODE_SIGN_STYLE = Automatic;
				CURRENT_PROJECT_VERSION = 1;
				DEVELOPMENT_TEAM = WPX8MV29XR;
				GENERATE_INFOPLIST_FILE = YES;
				INFOPLIST_FILE = ThreeDayResolution/Resources/Info.plist;
				INFOPLIST_KEY_CFBundleDisplayName = "작심삼일";
				INFOPLIST_KEY_UIApplicationSupportsIndirectInputEvents = YES;
				INFOPLIST_KEY_UILaunchStoryboardName = LaunchScreen;
				INFOPLIST_KEY_UISupportedInterfaceOrientations = UIInterfaceOrientationPortrait;
				INFOPLIST_KEY_UISupportedInterfaceOrientations_iPad = "UIInterfaceOrientationPortrait UIInterfaceOrientationPortraitUpsideDown UIInterfaceOrientationLandscapeLeft UIInterfaceOrientationLandscapeRight";
				INFOPLIST_KEY_UISupportedInterfaceOrientations_iPhone = UIInterfaceOrientationPortrait;
				IPHONEOS_DEPLOYMENT_TARGET = 14.0;
				LD_RUNPATH_SEARCH_PATHS = (
					"$(inherited)",
					"@executable_path/Frameworks",
				);
				MARKETING_VERSION = 1.2.0;
				PRODUCT_BUNDLE_IDENTIFIER = com.jeong9216.ThreeDayHump;
				PRODUCT_NAME = "$(TARGET_NAME)";
				SWIFT_EMIT_LOC_STRINGS = YES;
				SWIFT_VERSION = 5.0;
				TARGETED_DEVICE_FAMILY = "1,2";
			};
			name = Release;
		};
/* End XCBuildConfiguration section */

/* Begin XCConfigurationList section */
		9BF6C1F42781DC4800E486CE /* Build configuration list for PBXProject "ThreeDayResolution" */ = {
			isa = XCConfigurationList;
			buildConfigurations = (
				9BF6C20B2781DC4900E486CE /* Debug */,
				9BF6C20C2781DC4900E486CE /* Release */,
			);
			defaultConfigurationIsVisible = 0;
			defaultConfigurationName = Release;
		};
		9BF6C20D2781DC4900E486CE /* Build configuration list for PBXNativeTarget "ThreeDayResolution" */ = {
			isa = XCConfigurationList;
			buildConfigurations = (
				9BF6C20E2781DC4900E486CE /* Debug */,
				9BF6C20F2781DC4900E486CE /* Release */,
			);
			defaultConfigurationIsVisible = 0;
			defaultConfigurationName = Release;
		};
/* End XCConfigurationList section */

/* Begin XCRemoteSwiftPackageReference section */
		9B83DC472A4D38580073FBBC /* XCRemoteSwiftPackageReference "firebase-ios-sdk" */ = {
			isa = XCRemoteSwiftPackageReference;
			repositoryURL = "https://github.com/firebase/firebase-ios-sdk";
			requirement = {
				kind = upToNextMajorVersion;
				minimumVersion = 10.0.0;
			};
		};
/* End XCRemoteSwiftPackageReference section */

/* Begin XCSwiftPackageProductDependency section */
		9B83DC482A4D38580073FBBC /* FirebaseDatabase */ = {
			isa = XCSwiftPackageProductDependency;
			package = 9B83DC472A4D38580073FBBC /* XCRemoteSwiftPackageReference "firebase-ios-sdk" */;
			productName = FirebaseDatabase;
		};
/* End XCSwiftPackageProductDependency section */
	};
	rootObject = 9BF6C1F12781DC4800E486CE /* Project object */;
}
